
Microsoft Visual Studio Solution File, Format Version 12.00
# Visual Studio Version 17
VisualStudioVersion = 17.6.33723.286
MinimumVisualStudioVersion = 10.0.40219.1
Project("{FAE04EC0-301F-11D3-BF4B-00C04F79EFBC}") = "RestApiServerResponceCache", "RestApiServerResponceCache\RestApiServerResponceCache.csproj", "{3DC38F7A-2E88-4CF5-B180-AE7552206213}"
EndProject
Global
	GlobalSection(SolutionConfigurationPlatforms) = preSolution
		Debug|Any CPU = Debug|Any CPU
		Release|Any CPU = Release|Any CPU
	EndGlobalSection
	GlobalSection(ProjectConfigurationPlatforms) = postSolution
		{3DC38F7A-2E88-4CF5-B180-AE7552206213}.Debug|Any CPU.ActiveCfg = Debug|Any CPU
		{3DC38F7A-2E88-4CF5-B180-AE7552206213}.Debug|Any CPU.Build.0 = Debug|Any CPU
		{3DC38F7A-2E88-4CF5-B180-AE7552206213}.Release|Any CPU.ActiveCfg = Release|Any CPU
		{3DC38F7A-2E88-4CF5-B180-AE7552206213}.Release|Any CPU.Build.0 = Release|Any CPU
	EndGlobalSection
	GlobalSection(SolutionProperties) = preSolution
		HideSolutionNode = FALSE
	EndGlobalSection
	GlobalSection(ExtensibilityGlobals) = postSolution
		SolutionGuid = {B3C731F0-11AE-4CA6-8CC8-0C40E5AD006F}
	EndGlobalSection
EndGlobal
